<?xml version="1.0" encoding="utf-8"?>
<Project ToolsVersion="4.0" xmlns="http://schemas.microsoft.com/developer/msbuild/2003">
  <ItemGroup>
    <Filter Include="Source Files">
      <UniqueIdentifier>{4FC737F1-C7A5-4376-A066-2A32D752A2FF}</UniqueIdentifier>
      <Extensions>cpp;c;cc;cxx;def;odl;idl;hpj;bat;asm;asmx</Extensions>
    </Filter>
    <Filter Include="Header Files">
      <UniqueIdentifier>{93995380-89BD-4b04-88EB-625FBE52EBFB}</UniqueIdentifier>
      <Extensions>h;hh;hpp;hxx;hm;inl;inc;xsd</Extensions>
    </Filter>
    <Filter Include="Resource Files">
      <UniqueIdentifier>{67DA6AB6-F800-4c08-8B7A-83BB121AAD01}</UniqueIdentifier>
      <Extensions>rc;ico;cur;bmp;dlg;rc2;rct;bin;rgs;gif;jpg;jpeg;jpe;resx;tiff;tif;png;wav;mfcribbon-ms</Extensions>
    </Filter>
    <Filter Include="Source Files\Screens">
      <UniqueIdentifier>{f395b369-9424-496f-8db8-ac58f93e4d17}</UniqueIdentifier>
      <Extensions>
      </Extensions>
    </Filter>
    <Filter Include="Header Files\Screens">
      <UniqueIdentifier>{7ad88ce3-b681-405d-ab60-ad8a1b65e155}</UniqueIdentifier>
    </Filter>
    <Filter Include="Header Files\Components">
      <UniqueIdentifier>{33ec6295-cbf4-4d75-bf04-a9c890895cbc}</UniqueIdentifier>
    </Filter>
    <Filter Include="Header Files\Systems">
      <UniqueIdentifier>{d7137e6d-b15f-4681-90e4-2d7b08ec4248}</UniqueIdentifier>
    </Filter>
    <Filter Include="Source Files\Systems">
      <UniqueIdentifier>{39e8b91a-3221-461c-b569-50de8a1aac27}</UniqueIdentifier>
    </Filter>
    <Filter Include="Header Files\Entities">
      <UniqueIdentifier>{903b1779-35a3-4736-a23d-289148e661a6}</UniqueIdentifier>
    </Filter>
    <Filter Include="Source Files\Entities">
      <UniqueIdentifier>{24af8783-d658-4bd2-8769-3912e94ec430}</UniqueIdentifier>
    </Filter>
    <Filter Include="Source Files\3rdparty">
      <UniqueIdentifier>{71ccfd5a-7cc6-46b6-a42e-9340215cbca3}</UniqueIdentifier>
    </Filter>
    <Filter Include="Source Files\3rdparty\Vmath">
      <UniqueIdentifier>{6d879b70-1931-4584-8263-065624a46e2c}</UniqueIdentifier>
    </Filter>
    <Filter Include="Header Files\3rdparty">
      <UniqueIdentifier>{2fdb5afb-cf8e-4e94-a0eb-8323f0e6820d}</UniqueIdentifier>
    </Filter>
    <Filter Include="Header Files\3rdparty\Vmath">
      <UniqueIdentifier>{1a4776f0-8029-4457-9d18-6d2f371f6934}</UniqueIdentifier>
    </Filter>
    <Filter Include="Header Files\Rendering">
      <UniqueIdentifier>{8321b2b3-108f-46d2-b448-cd608e96eaf6}</UniqueIdentifier>
    </Filter>
    <Filter Include="Source Files\Rendering">
      <UniqueIdentifier>{e0b1d745-9175-49a9-a0b1-9e59544c948f}</UniqueIdentifier>
    </Filter>
    <Filter Include="Data">
      <UniqueIdentifier>{19be632f-1b09-46e4-af1e-2cb09da9926c}</UniqueIdentifier>
    </Filter>
    <Filter Include="Data\Shaders">
      <UniqueIdentifier>{ca3cc11c-d3d5-49ba-8c09-4375485bf4b3}</UniqueIdentifier>
    </Filter>
    <Filter Include="Header Files\Events">
      <UniqueIdentifier>{0b49e088-f871-4323-8402-b72c3f51c1ad}</UniqueIdentifier>
    </Filter>
    <Filter Include="Header Files\Screens\GameStates">
      <UniqueIdentifier>{e55d43bb-1d7f-4553-8808-d8ebe344dc62}</UniqueIdentifier>
    </Filter>
    <Filter Include="Source Files\Screens\States">
      <UniqueIdentifier>{8016820d-cdfa-4ed9-b50e-e76df6e2b47a}</UniqueIdentifier>
    </Filter>
    <Filter Include="Header Files\3rdparty\RapidXML">
      <UniqueIdentifier>{25da83dd-10ab-4840-8d02-8d920c86b70c}</UniqueIdentifier>
    </Filter>
    <Filter Include="Header Files\LevelParsing">
      <UniqueIdentifier>{31e9d14e-11a3-4432-96f5-94d31b34ffef}</UniqueIdentifier>
    </Filter>
    <Filter Include="Source Files\LevelParsing">
      <UniqueIdentifier>{4714e4f6-f65f-485e-9cb2-fe0ab21f2ab0}</UniqueIdentifier>
    </Filter>
  </ItemGroup>
  <ItemGroup>
    <ClCompile Include="main.cpp">
      <Filter>Source Files</Filter>
    </ClCompile>
    <ClCompile Include="Screens\BaseScreen.cpp">
      <Filter>Source Files\Screens</Filter>
    </ClCompile>
    <ClCompile Include="Screens\GameScreen.cpp">
      <Filter>Source Files\Screens</Filter>
    </ClCompile>
    <ClCompile Include="3rdparty\Vmath\vmath.cpp">
      <Filter>Source Files\3rdparty\Vmath</Filter>
    </ClCompile>
    <ClCompile Include="Rendering\MeshGenerators.cpp">
      <Filter>Source Files\Rendering</Filter>
    </ClCompile>
    <ClCompile Include="Systems\MeshRenderingSystem.cpp">
      <Filter>Source Files\Systems</Filter>
    </ClCompile>
    <ClCompile Include="Systems\AABBCacheSystem.cpp">
      <Filter>Source Files\Systems</Filter>
    </ClCompile>
    <ClCompile Include="Systems\VelocitySystem.cpp">
      <Filter>Source Files\Systems</Filter>
    </ClCompile>
    <ClCompile Include="Systems\BounceSystem.cpp">
      <Filter>Source Files\Systems</Filter>
    </ClCompile>
    <ClCompile Include="Systems\GravitySystem.cpp">
      <Filter>Source Files\Systems</Filter>
    </ClCompile>
    <ClCompile Include="Screens\GameStates\BaseGameState.cpp">
      <Filter>Source Files\Screens\States</Filter>
    </ClCompile>
    <ClCompile Include="Screens\GameStates\PlayingBaseGameState.cpp">
      <Filter>Source Files\Screens\States</Filter>
    </ClCompile>
    <ClCompile Include="Screens\GameStates\RunningGameState.cpp">
      <Filter>Source Files\Screens\States</Filter>
    </ClCompile>
    <ClCompile Include="Screens\GameStates\IdleGameState.cpp">
      <Filter>Source Files\Screens\States</Filter>
    </ClCompile>
    <ClCompile Include="Screens\GameStates\AimingGameState.cpp">
      <Filter>Source Files\Screens\States</Filter>
    </ClCompile>
    <ClCompile Include="Systems\PlanetCollisionSystem.cpp">
      <Filter>Source Files\Systems</Filter>
    </ClCompile>
    <ClCompile Include="utilities.cpp">
      <Filter>Source Files</Filter>
    </ClCompile>
    <ClCompile Include="Systems\ParticleUpdateSystem.cpp">
      <Filter>Source Files\Systems</Filter>
    </ClCompile>
    <ClCompile Include="Systems\PlanetCacheBaseSystem.cpp">
      <Filter>Source Files\Systems</Filter>
    </ClCompile>
    <ClCompile Include="LevelParsing\GleedBaseObject.cpp">
      <Filter>Source Files\LevelParsing</Filter>
    </ClCompile>
    <ClCompile Include="LevelParsing\GleedCircle.cpp">
      <Filter>Source Files\LevelParsing</Filter>
    </ClCompile>
    <ClCompile Include="LevelParsing\GleedColor.cpp">
      <Filter>Source Files\LevelParsing</Filter>
    </ClCompile>
    <ClCompile Include="LevelParsing\GleedLayer.cpp">
      <Filter>Source Files\LevelParsing</Filter>
    </ClCompile>
    <ClCompile Include="LevelParsing\GleedLevel.cpp">
      <Filter>Source Files\LevelParsing</Filter>
    </ClCompile>
    <ClCompile Include="LevelParsing\GleedPosition.cpp">
      <Filter>Source Files\LevelParsing</Filter>
    </ClCompile>
    <ClCompile Include="LevelParsing\GleedRectangle.cpp">
      <Filter>Source Files\LevelParsing</Filter>
    </ClCompile>
    <ClCompile Include="Entities\EntityGenerator.cpp">
      <Filter>Source Files</Filter>
    </ClCompile>
    <ClCompile Include="Rendering\Shader.cpp">
      <Filter>Source Files</Filter>
    </ClCompile>
  </ItemGroup>
  <ItemGroup>
    <ClInclude Include="Screens\BaseScreen.h">
      <Filter>Header Files\Screens</Filter>
    </ClInclude>
    <ClInclude Include="Screens\GameScreen.h">
      <Filter>Header Files\Screens</Filter>
    </ClInclude>
    <ClInclude Include="Components\PositionComponent.h">
      <Filter>Header Files\Components</Filter>
    </ClInclude>
    <ClInclude Include="3rdparty\Vmath\vmath.h">
      <Filter>Header Files\3rdparty\Vmath</Filter>
    </ClInclude>
    <ClInclude Include="Components\CircleRadiusComponent.h">
      <Filter>Header Files\Components</Filter>
    </ClInclude>
    <ClInclude Include="Rendering\MeshGenerators.h">
      <Filter>Header Files\Rendering</Filter>
    </ClInclude>
    <ClInclude Include="Systems\MeshRenderingSystem.h">
      <Filter>Header Files\Systems</Filter>
    </ClInclude>
    <ClInclude Include="Rendering\RenderingData.h">
      <Filter>Header Files\Rendering</Filter>
    </ClInclude>
    <ClInclude Include="main.h">
      <Filter>Header Files</Filter>
    </ClInclude>
    <ClInclude Include="Components\MeshTransformCacheComponent.h">
      <Filter>Header Files\Components</Filter>
    </ClInclude>
    <ClInclude Include="Components\VelocityComponent.h">
      <Filter>Header Files\Components</Filter>
    </ClInclude>
    <ClInclude Include="Components\AABBCacheComponent.h">
      <Filter>Header Files\Components</Filter>
    </ClInclude>
    <ClInclude Include="Systems\VelocitySystem.h">
      <Filter>Header Files\Systems</Filter>
    </ClInclude>
    <ClInclude Include="Systems\AABBCacheSystem.h">
      <Filter>Header Files\Systems</Filter>
    </ClInclude>
    <ClInclude Include="Systems\BounceSystem.h">
      <Filter>Header Files\Systems</Filter>
    </ClInclude>
    <ClInclude Include="Systems\GravitySystem.h">
      <Filter>Header Files\Systems</Filter>
    </ClInclude>
    <ClInclude Include="Components\GravityComponent.h">
      <Filter>Header Files\Systems</Filter>
    </ClInclude>
    <ClInclude Include="Components\MassComponent.h">
      <Filter>Header Files\Components</Filter>
    </ClInclude>
    <ClInclude Include="Components\PlanetComponent.h">
      <Filter>Header Files\Components</Filter>
    </ClInclude>
    <ClInclude Include="Events\MouseEvents.h">
      <Filter>Header Files\Events</Filter>
    </ClInclude>
    <ClInclude Include="Components\BaseMeshComponent.h">
      <Filter>Header Files\Components</Filter>
    </ClInclude>
    <ClInclude Include="Components\StaticMeshComponent.h">
      <Filter>Header Files\Components</Filter>
    </ClInclude>
    <ClInclude Include="Components\DynamicMeshComponent.h">
      <Filter>Header Files\Components</Filter>
    </ClInclude>
    <ClInclude Include="Screens\GameStates\IdleGameState.h">
      <Filter>Header Files\Screens\GameStates</Filter>
    </ClInclude>
    <ClInclude Include="Screens\GameStates\BaseGameState.h">
      <Filter>Header Files\Screens\GameStates</Filter>
    </ClInclude>
    <ClInclude Include="Screens\GameStates\PlayingBaseGameState.h">
      <Filter>Header Files\Screens\GameStates</Filter>
    </ClInclude>
    <ClInclude Include="Screens\GameStates\RunningGameState.h">
      <Filter>Header Files\Screens\GameStates</Filter>
    </ClInclude>
    <ClInclude Include="Screens\GameStates\AimingGameState.h">
      <Filter>Header Files\Screens\GameStates</Filter>
    </ClInclude>
    <ClInclude Include="Components\PlanetCollisionComponent.h">
      <Filter>Header Files\Components</Filter>
    </ClInclude>
    <ClInclude Include="Events\PlanetCollisionEvent.h">
      <Filter>Header Files\Events</Filter>
    </ClInclude>
    <ClInclude Include="Systems\PlanetCollisionSystem.h">
      <Filter>Header Files\Systems</Filter>
    </ClInclude>
    <ClInclude Include="utilities.h">
      <Filter>Header Files</Filter>
    </ClInclude>
    <ClInclude Include="Components\ParticleEmitterComponent.h">
      <Filter>Header Files\Components</Filter>
    </ClInclude>
    <ClInclude Include="Components\ParticleComponent.h">
      <Filter>Header Files\Components</Filter>
    </ClInclude>
    <ClInclude Include="Systems\ParticleUpdateSystem.h">
      <Filter>Header Files\Systems</Filter>
    </ClInclude>
    <ClInclude Include="Systems\PlanetCacheBaseSystem.h">
      <Filter>Header Files\Systems</Filter>
    </ClInclude>
    <ClInclude Include="3rdparty\RapidXML\rapidxml.hpp">
      <Filter>Header Files\3rdparty\RapidXML</Filter>
    </ClInclude>
    <ClInclude Include="3rdparty\RapidXML\rapidxml_iterators.hpp">
      <Filter>Header Files\3rdparty\RapidXML</Filter>
    </ClInclude>
    <ClInclude Include="3rdparty\RapidXML\rapidxml_print.hpp">
      <Filter>Header Files\3rdparty\RapidXML</Filter>
    </ClInclude>
    <ClInclude Include="3rdparty\RapidXML\rapidxml_utils.hpp">
      <Filter>Header Files\3rdparty\RapidXML</Filter>
    </ClInclude>
    <ClInclude Include="LevelParsing\GleedBaseObject.h">
      <Filter>Header Files\LevelParsing</Filter>
    </ClInclude>
    <ClInclude Include="LevelParsing\GleedCircle.h">
      <Filter>Header Files\LevelParsing</Filter>
    </ClInclude>
    <ClInclude Include="LevelParsing\GleedColor.h">
      <Filter>Header Files\LevelParsing</Filter>
    </ClInclude>
    <ClInclude Include="LevelParsing\GleedLayer.h">
      <Filter>Header Files\LevelParsing</Filter>
    </ClInclude>
    <ClInclude Include="LevelParsing\GleedLevel.h">
      <Filter>Header Files\LevelParsing</Filter>
    </ClInclude>
    <ClInclude Include="LevelParsing\GleedPosition.h">
      <Filter>Header Files\LevelParsing</Filter>
    </ClInclude>
    <ClInclude Include="LevelParsing\GleedRectangle.h">
      <Filter>Header Files\LevelParsing</Filter>
    </ClInclude>
    <ClInclude Include="Entities\EntityGenerator.h">
      <Filter>Header Files\Entities</Filter>
    </ClInclude>
    <ClInclude Include="Rendering\Shader.h">
      <Filter>Header Files</Filter>
    </ClInclude>
  </ItemGroup>
  <ItemGroup>
    <None Include="..\Data\Shaders\vs_cubes.sc">
      <Filter>Data\Shaders</Filter>
    </None>
    <None Include="..\Data\Shaders\fs_cubes.sc">
      <Filter>Data\Shaders</Filter>
    </None>
  </ItemGroup>
</Project>